
Microsoft Visual Studio Solution File, Format Version 12.00
# Visual Studio Version 17
VisualStudioVersion = 17.0.31903.59
MinimumVisualStudioVersion = 10.0.40219.1
Project("{FAE04EC0-301F-11D3-BF4B-00C04F79EFBC}") = "estacionamento_dapper", "estacionamento\estacionamento_dapper.csproj", "{C0D9102E-3AE0-4D9E-995A-3AC6E15B75B3}"
EndProject
Project("{FAE04EC0-301F-11D3-BF4B-00C04F79EFBC}") = "testes", "testes\testes.csproj", "{C25EEC52-DDB6-471E-80D6-8A72CD9291DB}"
EndProject
Global
	GlobalSection(SolutionConfigurationPlatforms) = preSolution
		Debug|Any CPU = Debug|Any CPU
		Release|Any CPU = Release|Any CPU
	EndGlobalSection
	GlobalSection(SolutionProperties) = preSolution
		HideSolutionNode = FALSE
	EndGlobalSection
	GlobalSection(ProjectConfigurationPlatforms) = postSolution
		{C0D9102E-3AE0-4D9E-995A-3AC6E15B75B3}.Debug|Any CPU.ActiveCfg = Debug|Any CPU
		{C0D9102E-3AE0-4D9E-995A-3AC6E15B75B3}.Debug|Any CPU.Build.0 = Debug|Any CPU
		{C0D9102E-3AE0-4D9E-995A-3AC6E15B75B3}.Release|Any CPU.ActiveCfg = Release|Any CPU
		{C0D9102E-3AE0-4D9E-995A-3AC6E15B75B3}.Release|Any CPU.Build.0 = Release|Any CPU
		{C25EEC52-DDB6-471E-80D6-8A72CD9291DB}.Debug|Any CPU.ActiveCfg = Debug|Any CPU
		{C25EEC52-DDB6-471E-80D6-8A72CD9291DB}.Debug|Any CPU.Build.0 = Debug|Any CPU
		{C25EEC52-DDB6-471E-80D6-8A72CD9291DB}.Release|Any CPU.ActiveCfg = Release|Any CPU
		{C25EEC52-DDB6-471E-80D6-8A72CD9291DB}.Release|Any CPU.Build.0 = Release|Any CPU
	EndGlobalSection
EndGlobal
